// !$*UTF8*$!
{
	archiveVersion = 1;
	classes = {
	};
	objectVersion = 46;
	objects = {

/* Begin PBXAggregateTarget section */
		2D5A758D919E423D9DA0AA0D /* install */ = {
			isa = PBXAggregateTarget;
			buildConfigurationList = 358894E0F8054EF4980ADF76 /* Build configuration list for PBXAggregateTarget "install" */;
			buildPhases = (
				110963C869E24BF4905BEECD /* CMake PostBuild Rules */,
			);
			dependencies = (
				0446EB40AC254F4DBF5B8406 /* PBXTargetDependency */,
			);
			name = install;
			productName = install;
		};
		63F9938866E345928B160456 /* ALL_BUILD */ = {
			isa = PBXAggregateTarget;
			buildConfigurationList = 8FD2F492E4E848C7B2789CE3 /* Build configuration list for PBXAggregateTarget "ALL_BUILD" */;
			buildPhases = (
				7B70A66774644DF3AA7A6072 /* CMake Rules */,
			);
			dependencies = (
				2DA71B9FD6284959BEEC3BDE /* PBXTargetDependency */,
				6B2428C2048745EAA5DE8651 /* PBXTargetDependency */,
				4A42ACF106884558AAD911FD /* PBXTargetDependency */,
				5CF8DBCA3B4746A49DC3A700 /* PBXTargetDependency */,
				93FFAD750106453693F6F296 /* PBXTargetDependency */,
			);
			name = ALL_BUILD;
			productName = ALL_BUILD;
		};
		952184150851466A8E7CFD3C /* ZERO_CHECK */ = {
			isa = PBXAggregateTarget;
			buildConfigurationList = 413469318ACB49C09C2C6BA3 /* Build configuration list for PBXAggregateTarget "ZERO_CHECK" */;
			buildPhases = (
				AFC3130C7B3E49C1B7B98CCA /* CMake Rules */,
			);
			dependencies = (
			);
			name = ZERO_CHECK;
			productName = ZERO_CHECK;
		};
/* End PBXAggregateTarget section */

/* Begin PBXBuildFile section */
		101CD1595894451A8929A056 /* /Users/ssilver/Google Drive/development/pool/serial/build-xcode/googletest-src/googletest/src/gtest-all.cc */ = {isa = PBXBuildFile; fileRef = B1E32896F3F14932B6AB4FEC /* /Users/ssilver/Google Drive/development/pool/serial/build-xcode/googletest-src/googletest/src/gtest-all.cc */; settings = {COMPILER_FLAGS = ""; }; };
		34C80A7CF70B46F7BB83635B /* /Users/ssilver/Google Drive/development/pool/serial/build-xcode/googletest-src/googlemock/src/gmock-all.cc */ = {isa = PBXBuildFile; fileRef = DEA8D50AE0E9475B9EAE0F3E /* /Users/ssilver/Google Drive/development/pool/serial/build-xcode/googletest-src/googlemock/src/gmock-all.cc */; settings = {COMPILER_FLAGS = ""; }; };
		3865418ECCAE421AA776DAEF /* /Users/ssilver/Google Drive/development/pool/serial/build-xcode/googletest-src/googletest/CMakeLists.txt */ = {isa = PBXBuildFile; fileRef = 20AE2080D3084C96A86AAAB0 /* /Users/ssilver/Google Drive/development/pool/serial/build-xcode/googletest-src/googletest/CMakeLists.txt */; settings = {COMPILER_FLAGS = ""; }; };
		3AFB16319AC548D2B5261DC1 /* /Users/ssilver/Google Drive/development/pool/serial/build-xcode/googletest-src/googletest/src/gtest-all.cc */ = {isa = PBXBuildFile; fileRef = 2306817F18AA473EAAA5A6B7 /* /Users/ssilver/Google Drive/development/pool/serial/build-xcode/googletest-src/googletest/src/gtest-all.cc */; settings = {COMPILER_FLAGS = ""; }; };
		4F5A04F4F552441DBF03E8F1 /* /Users/ssilver/Google Drive/development/pool/serial/build-xcode/googletest-src/googlemock/src/gmock_main.cc */ = {isa = PBXBuildFile; fileRef = 304D404EE57845C8A92A463A /* /Users/ssilver/Google Drive/development/pool/serial/build-xcode/googletest-src/googlemock/src/gmock_main.cc */; settings = {COMPILER_FLAGS = ""; }; };
		5BB2AFA6647643CCA7DA5CA9 /* /Users/ssilver/Google Drive/development/pool/serial/build-xcode/googletest-src/googletest/CMakeLists.txt */ = {isa = PBXBuildFile; fileRef = 120870E669794BAC87AA4F17 /* /Users/ssilver/Google Drive/development/pool/serial/build-xcode/googletest-src/googletest/CMakeLists.txt */; settings = {COMPILER_FLAGS = ""; }; };
		818E092FCFFA4D23AA9B07CC /* /Users/ssilver/Google Drive/development/pool/serial/build-xcode/googletest-src/googlemock/CMakeLists.txt */ = {isa = PBXBuildFile; fileRef = 4CB3BFB2C76D4E5A9EBF2DDD /* /Users/ssilver/Google Drive/development/pool/serial/build-xcode/googletest-src/googlemock/CMakeLists.txt */; settings = {COMPILER_FLAGS = ""; }; };
		B70BDC7AC1974C7C8B291E14 /* /Users/ssilver/Google Drive/development/pool/serial/build-xcode/googletest-src/googlemock/CMakeLists.txt */ = {isa = PBXBuildFile; fileRef = 1E4BC49EFFEC48C69EEED6E7 /* /Users/ssilver/Google Drive/development/pool/serial/build-xcode/googletest-src/googlemock/CMakeLists.txt */; settings = {COMPILER_FLAGS = ""; }; };
		D8D15FB487CC44CD93C0F0DB /* /Users/ssilver/Google Drive/development/pool/serial/build-xcode/googletest-src/googlemock/src/gmock-all.cc */ = {isa = PBXBuildFile; fileRef = E3C094BCF7AA4CB6BE548692 /* /Users/ssilver/Google Drive/development/pool/serial/build-xcode/googletest-src/googlemock/src/gmock-all.cc */; settings = {COMPILER_FLAGS = ""; }; };
		EF77A9800C184DE29A6AA918 /* /Users/ssilver/Google Drive/development/pool/serial/build-xcode/googletest-src/googletest/src/gtest_main.cc */ = {isa = PBXBuildFile; fileRef = 184A6EDCAA2A47F38A57ABF1 /* /Users/ssilver/Google Drive/development/pool/serial/build-xcode/googletest-src/googletest/src/gtest_main.cc */; settings = {COMPILER_FLAGS = ""; }; };
		F4136AABCD264909B2001B35 /* /Users/ssilver/Google Drive/development/pool/serial/build-xcode/googletest-src/googletest/src/gtest-all.cc */ = {isa = PBXBuildFile; fileRef = AA79E10EFD7F4A65B380C1CC /* /Users/ssilver/Google Drive/development/pool/serial/build-xcode/googletest-src/googletest/src/gtest-all.cc */; settings = {COMPILER_FLAGS = ""; }; };
/* End PBXBuildFile section */

/* Begin PBXBuildStyle section */
		3B4DBA43C50147B5AF5B4758 /* MinSizeRel */ = {
			isa = PBXBuildStyle;
			buildSettings = {
				COPY_PHASE_STRIP = NO;
			};
			name = MinSizeRel;
		};
		8119A82EFA864CECA0B8D904 = {
			isa = PBXBuildStyle;
		};
		9790337730124E3E91D44E0A /* Debug */ = {
			isa = PBXBuildStyle;
			buildSettings = {
				COPY_PHASE_STRIP = NO;
			};
			name = Debug;
		};
		B0E9C62B01104921A279C833 /* Release */ = {
			isa = PBXBuildStyle;
			buildSettings = {
				COPY_PHASE_STRIP = NO;
			};
			name = Release;
		};
		BCA837BF0E3E448EAD2214D9 /* RelWithDebInfo */ = {
			isa = PBXBuildStyle;
			buildSettings = {
				COPY_PHASE_STRIP = NO;
			};
			name = RelWithDebInfo;
		};
/* End PBXBuildStyle section */

/* Begin PBXContainerItemProxy section */
		274BE0B358D04CBD86E868D8 /* PBXContainerItemProxy */ = {
			isa = PBXContainerItemProxy;
			containerPortal = ADD9230735F3496892FF8101 /* Project object */;
			proxyType = 1;
			remoteGlobalIDString = 38F2A8F084B44A609D709290;
			remoteInfo = gtest_main;
		};
		3CF65FAEC0B84AFEB1AD3F21 /* PBXContainerItemProxy */ = {
			isa = PBXContainerItemProxy;
			containerPortal = ADD9230735F3496892FF8101 /* Project object */;
			proxyType = 1;
			remoteGlobalIDString = 63F9938866E345928B160456;
			remoteInfo = ALL_BUILD;
		};
		3EE23C16CB6F4B9BBAF65A1A /* PBXContainerItemProxy */ = {
			isa = PBXContainerItemProxy;
			containerPortal = ADD9230735F3496892FF8101 /* Project object */;
			proxyType = 1;
			remoteGlobalIDString = 952184150851466A8E7CFD3C;
			remoteInfo = ZERO_CHECK;
		};
		6ECDBAC14EB34B75B065ACD8 /* PBXContainerItemProxy */ = {
			isa = PBXContainerItemProxy;
			containerPortal = ADD9230735F3496892FF8101 /* Project object */;
			proxyType = 1;
			remoteGlobalIDString = 952184150851466A8E7CFD3C;
			remoteInfo = ZERO_CHECK;
		};
		7FE73C2AA06D47A1B006671E /* PBXContainerItemProxy */ = {
			isa = PBXContainerItemProxy;
			containerPortal = ADD9230735F3496892FF8101 /* Project object */;
			proxyType = 1;
			remoteGlobalIDString = 6011DD4F6B134998B11F7EA1;
			remoteInfo = gtest;
		};
		93A58FA0F68647BCB8B546BB /* PBXContainerItemProxy */ = {
			isa = PBXContainerItemProxy;
			containerPortal = ADD9230735F3496892FF8101 /* Project object */;
			proxyType = 1;
			remoteGlobalIDString = A233DD6E38A9403192E62464;
			remoteInfo = gmock;
		};
		94816AAA99EC402C8B2F5A61 /* PBXContainerItemProxy */ = {
			isa = PBXContainerItemProxy;
			containerPortal = ADD9230735F3496892FF8101 /* Project object */;
			proxyType = 1;
			remoteGlobalIDString = 4C832139322945A6B56C3ED2;
			remoteInfo = gmock_main;
		};
		9A72342FD2D640E0ACBB9218 /* PBXContainerItemProxy */ = {
			isa = PBXContainerItemProxy;
			containerPortal = ADD9230735F3496892FF8101 /* Project object */;
			proxyType = 1;
			remoteGlobalIDString = 952184150851466A8E7CFD3C;
			remoteInfo = ZERO_CHECK;
		};
		B4656B720817476AA9E129EA /* PBXContainerItemProxy */ = {
			isa = PBXContainerItemProxy;
			containerPortal = ADD9230735F3496892FF8101 /* Project object */;
			proxyType = 1;
			remoteGlobalIDString = 6011DD4F6B134998B11F7EA1;
			remoteInfo = gtest;
		};
/* End PBXContainerItemProxy section */

/* Begin PBXFileReference section */
		025F0DC940CE48A6A247F0E0 /* gtest_main */ = {isa = PBXFileReference; explicitFileType = archive.ar; path = libgtest_main.a; refType = 0; sourceTree = BUILT_PRODUCTS_DIR; };
		120870E669794BAC87AA4F17 /* /Users/ssilver/Google Drive/development/pool/serial/build-xcode/googletest-src/googletest/CMakeLists.txt */ = {isa = PBXFileReference; explicitFileType = sourcecode.text; fileEncoding = 4; name = CMakeLists.txt; path = ../googletest/CMakeLists.txt; sourceTree = SOURCE_ROOT; };
		184A6EDCAA2A47F38A57ABF1 /* /Users/ssilver/Google Drive/development/pool/serial/build-xcode/googletest-src/googletest/src/gtest_main.cc */ = {isa = PBXFileReference; explicitFileType = sourcecode.cpp.cpp; fileEncoding = 4; name = gtest_main.cc; path = ../googletest/src/gtest_main.cc; sourceTree = SOURCE_ROOT; };
		1E4BC49EFFEC48C69EEED6E7 /* /Users/ssilver/Google Drive/development/pool/serial/build-xcode/googletest-src/googlemock/CMakeLists.txt */ = {isa = PBXFileReference; explicitFileType = sourcecode.text; fileEncoding = 4; name = CMakeLists.txt; path = CMakeLists.txt; sourceTree = SOURCE_ROOT; };
		20AE2080D3084C96A86AAAB0 /* /Users/ssilver/Google Drive/development/pool/serial/build-xcode/googletest-src/googletest/CMakeLists.txt */ = {isa = PBXFileReference; explicitFileType = sourcecode.text; fileEncoding = 4; name = CMakeLists.txt; path = ../googletest/CMakeLists.txt; sourceTree = SOURCE_ROOT; };
		2306817F18AA473EAAA5A6B7 /* /Users/ssilver/Google Drive/development/pool/serial/build-xcode/googletest-src/googletest/src/gtest-all.cc */ = {isa = PBXFileReference; explicitFileType = sourcecode.cpp.cpp; fileEncoding = 4; name = "gtest-all.cc"; path = "../googletest/src/gtest-all.cc"; sourceTree = SOURCE_ROOT; };
		2C89B8352F6840B48A8292B4 /* /Users/ssilver/Google Drive/development/pool/serial/build-xcode/googletest-src/googlemock/CMakeLists.txt */ = {isa = PBXFileReference; explicitFileType = sourcecode.text; fileEncoding = 4; name = CMakeLists.txt; path = CMakeLists.txt; sourceTree = SOURCE_ROOT; };
		304D404EE57845C8A92A463A /* /Users/ssilver/Google Drive/development/pool/serial/build-xcode/googletest-src/googlemock/src/gmock_main.cc */ = {isa = PBXFileReference; explicitFileType = sourcecode.cpp.cpp; fileEncoding = 4; name = gmock_main.cc; path = src/gmock_main.cc; sourceTree = SOURCE_ROOT; };
		4CB3BFB2C76D4E5A9EBF2DDD /* /Users/ssilver/Google Drive/development/pool/serial/build-xcode/googletest-src/googlemock/CMakeLists.txt */ = {isa = PBXFileReference; explicitFileType = sourcecode.text; fileEncoding = 4; name = CMakeLists.txt; path = CMakeLists.txt; sourceTree = SOURCE_ROOT; };
		753B1BF330B44102B4A99C40 /* gmock_main */ = {isa = PBXFileReference; explicitFileType = archive.ar; path = libgmock_main.a; refType = 0; sourceTree = BUILT_PRODUCTS_DIR; };
		A2DDFEB8C4FD4365A9EB3508 /* /Users/ssilver/Google Drive/development/pool/serial/build-xcode/googletest-src/googlemock/CMakeLists.txt */ = {isa = PBXFileReference; explicitFileType = sourcecode.text; fileEncoding = 4; name = CMakeLists.txt; path = CMakeLists.txt; sourceTree = SOURCE_ROOT; };
		A5AD7A81FCB840EF8F53C18B /* gtest */ = {isa = PBXFileReference; explicitFileType = archive.ar; path = libgtest.a; refType = 0; sourceTree = BUILT_PRODUCTS_DIR; };
		AA79E10EFD7F4A65B380C1CC /* /Users/ssilver/Google Drive/development/pool/serial/build-xcode/googletest-src/googletest/src/gtest-all.cc */ = {isa = PBXFileReference; explicitFileType = sourcecode.cpp.cpp; fileEncoding = 4; name = "gtest-all.cc"; path = "../googletest/src/gtest-all.cc"; sourceTree = SOURCE_ROOT; };
		AC3B5AC3C3294DC794297F69 /* gmock */ = {isa = PBXFileReference; explicitFileType = archive.ar; path = libgmock.a; refType = 0; sourceTree = BUILT_PRODUCTS_DIR; };
		B1E32896F3F14932B6AB4FEC /* /Users/ssilver/Google Drive/development/pool/serial/build-xcode/googletest-src/googletest/src/gtest-all.cc */ = {isa = PBXFileReference; explicitFileType = sourcecode.cpp.cpp; fileEncoding = 4; name = "gtest-all.cc"; path = "../googletest/src/gtest-all.cc"; sourceTree = SOURCE_ROOT; };
		DEA8D50AE0E9475B9EAE0F3E /* /Users/ssilver/Google Drive/development/pool/serial/build-xcode/googletest-src/googlemock/src/gmock-all.cc */ = {isa = PBXFileReference; explicitFileType = sourcecode.cpp.cpp; fileEncoding = 4; name = "gmock-all.cc"; path = "src/gmock-all.cc"; sourceTree = SOURCE_ROOT; };
		E3C094BCF7AA4CB6BE548692 /* /Users/ssilver/Google Drive/development/pool/serial/build-xcode/googletest-src/googlemock/src/gmock-all.cc */ = {isa = PBXFileReference; explicitFileType = sourcecode.cpp.cpp; fileEncoding = 4; name = "gmock-all.cc"; path = "src/gmock-all.cc"; sourceTree = SOURCE_ROOT; };
/* End PBXFileReference section */

/* Begin PBXGroup section */
		03F3D1F837344DDB96FAE76F /* gmock */ = {
			isa = PBXGroup;
			children = (
				69338F756A274B0880587CB7 /* Source Files */,
				1E4BC49EFFEC48C69EEED6E7 /* /Users/ssilver/Google Drive/development/pool/serial/build-xcode/googletest-src/googlemock/CMakeLists.txt */,
			);
			name = gmock;
			sourceTree = "<group>";
		};
		1C3060150C614122B0284ECE /* Products */ = {
			isa = PBXGroup;
			children = (
				AC3B5AC3C3294DC794297F69 /* gmock */,
				753B1BF330B44102B4A99C40 /* gmock_main */,
				A5AD7A81FCB840EF8F53C18B /* gtest */,
				025F0DC940CE48A6A247F0E0 /* gtest_main */,
			);
			name = Products;
			sourceTree = "<group>";
		};
		2209CB9F43C84187B698EC68 /* Source Files */ = {
			isa = PBXGroup;
			children = (
				E3C094BCF7AA4CB6BE548692 /* /Users/ssilver/Google Drive/development/pool/serial/build-xcode/googletest-src/googlemock/src/gmock-all.cc */,
				304D404EE57845C8A92A463A /* /Users/ssilver/Google Drive/development/pool/serial/build-xcode/googletest-src/googlemock/src/gmock_main.cc */,
				2306817F18AA473EAAA5A6B7 /* /Users/ssilver/Google Drive/development/pool/serial/build-xcode/googletest-src/googletest/src/gtest-all.cc */,
			);
			name = "Source Files";
			sourceTree = "<group>";
		};
		31C8BD175CCD46B3B11B526E /* gtest_main */ = {
			isa = PBXGroup;
			children = (
				D76F933262664411ACF1BFAE /* Source Files */,
				20AE2080D3084C96A86AAAB0 /* /Users/ssilver/Google Drive/development/pool/serial/build-xcode/googletest-src/googletest/CMakeLists.txt */,
			);
			name = gtest_main;
			sourceTree = "<group>";
		};
		4B1DC66F5DDE4A6DA8B8817C /* Resources */ = {
			isa = PBXGroup;
			children = (
			);
			name = Resources;
			sourceTree = "<group>";
		};
		52B4471719A249BB8FA3D5C5 /* ZERO_CHECK */ = {
			isa = PBXGroup;
			children = (
				D40D36AC97754144B2210821 /* CMake Rules */,
				A2DDFEB8C4FD4365A9EB3508 /* /Users/ssilver/Google Drive/development/pool/serial/build-xcode/googletest-src/googlemock/CMakeLists.txt */,
			);
			name = ZERO_CHECK;
			sourceTree = "<group>";
		};
		6382F87210EA4987B4D8B3BE /* Sources */ = {
			isa = PBXGroup;
			children = (
				834BDABBBC5A40C0872B25AB /* gmock_main */,
				03F3D1F837344DDB96FAE76F /* gmock */,
				B57F977F2EC14947842EFE90 /* ALL_BUILD */,
				52B4471719A249BB8FA3D5C5 /* ZERO_CHECK */,
				31C8BD175CCD46B3B11B526E /* gtest_main */,
				937699575D824C36AF47F1F9 /* gtest */,
			);
			name = Sources;
			sourceTree = "<group>";
		};
		69338F756A274B0880587CB7 /* Source Files */ = {
			isa = PBXGroup;
			children = (
				DEA8D50AE0E9475B9EAE0F3E /* /Users/ssilver/Google Drive/development/pool/serial/build-xcode/googletest-src/googlemock/src/gmock-all.cc */,
				AA79E10EFD7F4A65B380C1CC /* /Users/ssilver/Google Drive/development/pool/serial/build-xcode/googletest-src/googletest/src/gtest-all.cc */,
			);
			name = "Source Files";
			sourceTree = "<group>";
		};
		76621CE739D24186864662E3 /* Source Files */ = {
			isa = PBXGroup;
			children = (
				B1E32896F3F14932B6AB4FEC /* /Users/ssilver/Google Drive/development/pool/serial/build-xcode/googletest-src/googletest/src/gtest-all.cc */,
			);
			name = "Source Files";
			sourceTree = "<group>";
		};
		834BDABBBC5A40C0872B25AB /* gmock_main */ = {
			isa = PBXGroup;
			children = (
				2209CB9F43C84187B698EC68 /* Source Files */,
				4CB3BFB2C76D4E5A9EBF2DDD /* /Users/ssilver/Google Drive/development/pool/serial/build-xcode/googletest-src/googlemock/CMakeLists.txt */,
			);
			name = gmock_main;
			sourceTree = "<group>";
		};
		937699575D824C36AF47F1F9 /* gtest */ = {
			isa = PBXGroup;
			children = (
				76621CE739D24186864662E3 /* Source Files */,
				120870E669794BAC87AA4F17 /* /Users/ssilver/Google Drive/development/pool/serial/build-xcode/googletest-src/googletest/CMakeLists.txt */,
			);
			name = gtest;
			sourceTree = "<group>";
		};
		A5AF86B837BF4F709BD22076 = {
			isa = PBXGroup;
			children = (
				6382F87210EA4987B4D8B3BE /* Sources */,
				4B1DC66F5DDE4A6DA8B8817C /* Resources */,
				1C3060150C614122B0284ECE /* Products */,
			);
			sourceTree = "<group>";
		};
		B57F977F2EC14947842EFE90 /* ALL_BUILD */ = {
			isa = PBXGroup;
			children = (
				CC78960D817B473EB31171D0 /* CMake Rules */,
				2C89B8352F6840B48A8292B4 /* /Users/ssilver/Google Drive/development/pool/serial/build-xcode/googletest-src/googlemock/CMakeLists.txt */,
			);
			name = ALL_BUILD;
			sourceTree = "<group>";
		};
		CC78960D817B473EB31171D0 /* CMake Rules */ = {
			isa = PBXGroup;
			children = (
			);
			name = "CMake Rules";
			sourceTree = "<group>";
		};
		D40D36AC97754144B2210821 /* CMake Rules */ = {
			isa = PBXGroup;
			children = (
			);
			name = "CMake Rules";
			sourceTree = "<group>";
		};
		D76F933262664411ACF1BFAE /* Source Files */ = {
			isa = PBXGroup;
			children = (
				184A6EDCAA2A47F38A57ABF1 /* /Users/ssilver/Google Drive/development/pool/serial/build-xcode/googletest-src/googletest/src/gtest_main.cc */,
			);
			name = "Source Files";
			sourceTree = "<group>";
		};
/* End PBXGroup section */

/* Begin PBXNativeTarget section */
		38F2A8F084B44A609D709290 /* gtest_main */ = {
			isa = PBXNativeTarget;
			buildConfigurationList = B2C7D9E959054E9EBDCA5B44 /* Build configuration list for PBXNativeTarget "gtest_main" */;
			buildPhases = (
				E2DD413116904FC68096DD4D /* Sources */,
			);
			buildRules = (
			);
			dependencies = (
				5DEE7339E88F464D8B34CE47 /* PBXTargetDependency */,
			);
			name = gtest_main;
			productName = gtest_main;
			productReference = 025F0DC940CE48A6A247F0E0 /* gtest_main */;
			productType = "com.apple.product-type.library.static";
		};
		4C832139322945A6B56C3ED2 /* gmock_main */ = {
			isa = PBXNativeTarget;
			buildConfigurationList = 6891E85D06E1431281067FFE /* Build configuration list for PBXNativeTarget "gmock_main" */;
			buildPhases = (
				94EE3141F153416BB5DF7BFF /* Sources */,
			);
			buildRules = (
			);
			dependencies = (
				A39065222AA54598A2C67411 /* PBXTargetDependency */,
			);
			name = gmock_main;
			productName = gmock_main;
			productReference = 753B1BF330B44102B4A99C40 /* gmock_main */;
			productType = "com.apple.product-type.library.static";
		};
		6011DD4F6B134998B11F7EA1 /* gtest */ = {
			isa = PBXNativeTarget;
			buildConfigurationList = D1DA69EC28A34798A9F036E1 /* Build configuration list for PBXNativeTarget "gtest" */;
			buildPhases = (
				00D99756EE38406AB3518444 /* Sources */,
			);
			buildRules = (
			);
			dependencies = (
			);
			name = gtest;
			productName = gtest;
			productReference = A5AD7A81FCB840EF8F53C18B /* gtest */;
			productType = "com.apple.product-type.library.static";
		};
		A233DD6E38A9403192E62464 /* gmock */ = {
			isa = PBXNativeTarget;
			buildConfigurationList = 6D51F4FAF2B14DD3BDBE082E /* Build configuration list for PBXNativeTarget "gmock" */;
			buildPhases = (
				E7E93B5AA9314F63AB7FF102 /* Sources */,
			);
			buildRules = (
			);
			dependencies = (
				4E46660CBAA74320963C6294 /* PBXTargetDependency */,
			);
			name = gmock;
			productName = gmock;
			productReference = AC3B5AC3C3294DC794297F69 /* gmock */;
			productType = "com.apple.product-type.library.static";
		};
/* End PBXNativeTarget section */

/* Begin PBXProject section */
		ADD9230735F3496892FF8101 /* Project object */ = {
			isa = PBXProject;
			attributes = {
				BuildIndependentTargetsInParallel = YES;
				LastUpgradeCheck = 0830;
			};
			buildConfigurationList = 9FEA598061924C7A84B3500A /* Build configuration list for PBXProject "gmock" */;
			buildSettings = {
			};
			buildStyles = (
				9790337730124E3E91D44E0A /* Debug */,
				B0E9C62B01104921A279C833 /* Release */,
				3B4DBA43C50147B5AF5B4758 /* MinSizeRel */,
				BCA837BF0E3E448EAD2214D9 /* RelWithDebInfo */,
			);
			compatibilityVersion = "Xcode 3.2";
			hasScannedForEncodings = 0;
			mainGroup = A5AF86B837BF4F709BD22076;
			projectDirPath = "../../googletest-src/googlemock";
			projectRoot = "";
			targets = (
				63F9938866E345928B160456 /* ALL_BUILD */,
				952184150851466A8E7CFD3C /* ZERO_CHECK */,
				A233DD6E38A9403192E62464 /* gmock */,
				4C832139322945A6B56C3ED2 /* gmock_main */,
				2D5A758D919E423D9DA0AA0D /* install */,
				6011DD4F6B134998B11F7EA1 /* gtest */,
				38F2A8F084B44A609D709290 /* gtest_main */,
			);
		};
/* End PBXProject section */

/* Begin PBXShellScriptBuildPhase section */
		110963C869E24BF4905BEECD /* CMake PostBuild Rules */ = {
			isa = PBXShellScriptBuildPhase;
			buildActionMask = 2147483647;
			files = (
			);
			name = "CMake PostBuild Rules";
			runOnlyForDeploymentPostprocessing = 0;
			shellPath = /bin/sh;
			shellScript = "make -C /Users/ssilver/Google\\ Drive/development/pool/serial/build-xcode/googletest-build/googlemock -f /Users/ssilver/Google\\ Drive/development/pool/serial/build-xcode/googletest-build/googlemock/CMakeScripts/install_postBuildPhase.make$CONFIGURATION all";
			showEnvVarsInLog = 0;
		};
		33AE9F5372B14467AC2D6E68 = {
			isa = PBXShellScriptBuildPhase;
			buildActionMask = 2147483647;
			files = (
			);
			inputPaths = (
			);
			outputPaths = (
			);
			runOnlyForDeploymentPostprocessing = 0;
			shellPath = /bin/sh;
			shellScript = "# shell script goes here
exit 0";
			showEnvVarsInLog = 0;
		};
		7A3F70C7C69F40B896AD6961 = {
			isa = PBXShellScriptBuildPhase;
			buildActionMask = 2147483647;
			files = (
			);
			inputPaths = (
			);
			outputPaths = (
			);
			runOnlyForDeploymentPostprocessing = 0;
			shellPath = /bin/sh;
			shellScript = "# shell script goes here
exit 0";
			showEnvVarsInLog = 0;
		};
		7B70A66774644DF3AA7A6072 /* CMake Rules */ = {
			isa = PBXShellScriptBuildPhase;
			buildActionMask = 2147483647;
			files = (
			);
			name = "CMake Rules";
			runOnlyForDeploymentPostprocessing = 0;
			shellPath = /bin/sh;
			shellScript = "make -C /Users/ssilver/Google\\ Drive/development/pool/serial/build-xcode/googletest-build/googlemock -f /Users/ssilver/Google\\ Drive/development/pool/serial/build-xcode/googletest-build/googlemock/CMakeScripts/ALL_BUILD_cmakeRulesBuildPhase.make$CONFIGURATION all";
			showEnvVarsInLog = 0;
		};
		AFC3130C7B3E49C1B7B98CCA /* CMake Rules */ = {
			isa = PBXShellScriptBuildPhase;
			buildActionMask = 2147483647;
			files = (
			);
			name = "CMake Rules";
			runOnlyForDeploymentPostprocessing = 0;
			shellPath = /bin/sh;
			shellScript = "make -C /Users/ssilver/Google\\ Drive/development/pool/serial/build-xcode/googletest-build/googlemock -f /Users/ssilver/Google\\ Drive/development/pool/serial/build-xcode/googletest-build/googlemock/CMakeScripts/ZERO_CHECK_cmakeRulesBuildPhase.make$CONFIGURATION all";
			showEnvVarsInLog = 0;
		};
		EE5BEC164407426F9DD13A33 = {
			isa = PBXShellScriptBuildPhase;
			buildActionMask = 2147483647;
			files = (
			);
			inputPaths = (
			);
			outputPaths = (
			);
			runOnlyForDeploymentPostprocessing = 0;
			shellPath = /bin/sh;
			shellScript = "# shell script goes here
exit 0";
			showEnvVarsInLog = 0;
		};
/* End PBXShellScriptBuildPhase section */

/* Begin PBXSourcesBuildPhase section */
		00D99756EE38406AB3518444 /* Sources */ = {
			isa = PBXSourcesBuildPhase;
			buildActionMask = 2147483647;
			files = (
				101CD1595894451A8929A056 /* /Users/ssilver/Google Drive/development/pool/serial/build-xcode/googletest-src/googletest/src/gtest-all.cc */,
			);
			runOnlyForDeploymentPostprocessing = 0;
		};
		94EE3141F153416BB5DF7BFF /* Sources */ = {
			isa = PBXSourcesBuildPhase;
			buildActionMask = 2147483647;
			files = (
				D8D15FB487CC44CD93C0F0DB /* /Users/ssilver/Google Drive/development/pool/serial/build-xcode/googletest-src/googlemock/src/gmock-all.cc */,
				4F5A04F4F552441DBF03E8F1 /* /Users/ssilver/Google Drive/development/pool/serial/build-xcode/googletest-src/googlemock/src/gmock_main.cc */,
				3AFB16319AC548D2B5261DC1 /* /Users/ssilver/Google Drive/development/pool/serial/build-xcode/googletest-src/googletest/src/gtest-all.cc */,
			);
			runOnlyForDeploymentPostprocessing = 0;
		};
		E2DD413116904FC68096DD4D /* Sources */ = {
			isa = PBXSourcesBuildPhase;
			buildActionMask = 2147483647;
			files = (
				EF77A9800C184DE29A6AA918 /* /Users/ssilver/Google Drive/development/pool/serial/build-xcode/googletest-src/googletest/src/gtest_main.cc */,
			);
			runOnlyForDeploymentPostprocessing = 0;
		};
		E7E93B5AA9314F63AB7FF102 /* Sources */ = {
			isa = PBXSourcesBuildPhase;
			buildActionMask = 2147483647;
			files = (
				34C80A7CF70B46F7BB83635B /* /Users/ssilver/Google Drive/development/pool/serial/build-xcode/googletest-src/googlemock/src/gmock-all.cc */,
				F4136AABCD264909B2001B35 /* /Users/ssilver/Google Drive/development/pool/serial/build-xcode/googletest-src/googletest/src/gtest-all.cc */,
			);
			runOnlyForDeploymentPostprocessing = 0;
		};
/* End PBXSourcesBuildPhase section */

/* Begin PBXTargetDependency section */
		0446EB40AC254F4DBF5B8406 /* PBXTargetDependency */ = {
			isa = PBXTargetDependency;
			target = 63F9938866E345928B160456 /* ALL_BUILD */;
			targetProxy = 3CF65FAEC0B84AFEB1AD3F21 /* PBXContainerItemProxy */;
		};
		2DA71B9FD6284959BEEC3BDE /* PBXTargetDependency */ = {
			isa = PBXTargetDependency;
			target = 4C832139322945A6B56C3ED2 /* gmock_main */;
			targetProxy = 94816AAA99EC402C8B2F5A61 /* PBXContainerItemProxy */;
		};
		4A42ACF106884558AAD911FD /* PBXTargetDependency */ = {
			isa = PBXTargetDependency;
			target = 38F2A8F084B44A609D709290 /* gtest_main */;
			targetProxy = 274BE0B358D04CBD86E868D8 /* PBXContainerItemProxy */;
		};
		4E46660CBAA74320963C6294 /* PBXTargetDependency */ = {
			isa = PBXTargetDependency;
			target = 952184150851466A8E7CFD3C /* ZERO_CHECK */;
			targetProxy = 3EE23C16CB6F4B9BBAF65A1A /* PBXContainerItemProxy */;
		};
		5CF8DBCA3B4746A49DC3A700 /* PBXTargetDependency */ = {
			isa = PBXTargetDependency;
			target = 6011DD4F6B134998B11F7EA1 /* gtest */;
			targetProxy = B4656B720817476AA9E129EA /* PBXContainerItemProxy */;
		};
		5DEE7339E88F464D8B34CE47 /* PBXTargetDependency */ = {
			isa = PBXTargetDependency;
			target = 6011DD4F6B134998B11F7EA1 /* gtest */;
			targetProxy = 7FE73C2AA06D47A1B006671E /* PBXContainerItemProxy */;
		};
		6B2428C2048745EAA5DE8651 /* PBXTargetDependency */ = {
			isa = PBXTargetDependency;
			target = A233DD6E38A9403192E62464 /* gmock */;
			targetProxy = 93A58FA0F68647BCB8B546BB /* PBXContainerItemProxy */;
		};
		93FFAD750106453693F6F296 /* PBXTargetDependency */ = {
			isa = PBXTargetDependency;
			target = 952184150851466A8E7CFD3C /* ZERO_CHECK */;
			targetProxy = 9A72342FD2D640E0ACBB9218 /* PBXContainerItemProxy */;
		};
		A39065222AA54598A2C67411 /* PBXTargetDependency */ = {
			isa = PBXTargetDependency;
			target = 952184150851466A8E7CFD3C /* ZERO_CHECK */;
			targetProxy = 6ECDBAC14EB34B75B065ACD8 /* PBXContainerItemProxy */;
		};
/* End PBXTargetDependency section */

/* Begin XCBuildConfiguration section */
		02992FE26BB7419B8AE64058 /* Debug */ = {
			isa = XCBuildConfiguration;
			buildSettings = {
				COMBINE_HIDPI_IMAGES = YES;
				GCC_GENERATE_DEBUGGING_SYMBOLS = YES;
				GCC_INLINES_ARE_PRIVATE_EXTERN = NO;
				GCC_OPTIMIZATION_LEVEL = 0;
				GCC_PREPROCESSOR_DEFINITIONS = ("'CMAKE_INTDIR=\"$(CONFIGURATION)$(EFFECTIVE_PLATFORM_NAME)\"'", );
				GCC_SYMBOLS_PRIVATE_EXTERN = NO;
				HEADER_SEARCH_PATHS = ("\"/Users/ssilver/Google Drive/development/pool/serial/build-xcode/googletest-src/googlemock/include\"", "\"/Users/ssilver/Google Drive/development/pool/serial/build-xcode/googletest-src/googlemock\"", "\"/Users/ssilver/Google Drive/development/pool/serial/build-xcode/googletest-src/googletest/include\"", "\"/Users/ssilver/Google Drive/development/pool/serial/build-xcode/googletest-src/googletest\"", );
				INSTALL_PATH = "";
				OTHER_LDFLAGS = " ";
				OTHER_REZFLAGS = "";
				PRODUCT_NAME = ALL_BUILD;
				SECTORDER_FLAGS = "";
				SYMROOT = "/Users/ssilver/Google Drive/development/pool/serial/build-xcode/googletest-build/googlemock";
				USE_HEADERMAP = NO;
				WARNING_CFLAGS = ("-Wmost", "-Wno-four-char-constants", "-Wno-unknown-pragmas", "$(inherited)", );
			};
			name = Debug;
		};
		04E4101C59F042F888A087CC /* Debug */ = {
			isa = XCBuildConfiguration;
			buildSettings = {
				COMBINE_HIDPI_IMAGES = YES;
				EXECUTABLE_PREFIX = lib;
				EXECUTABLE_SUFFIX = .a;
				GCC_GENERATE_DEBUGGING_SYMBOLS = YES;
				GCC_INLINES_ARE_PRIVATE_EXTERN = NO;
				GCC_OPTIMIZATION_LEVEL = 0;
				GCC_PREPROCESSOR_DEFINITIONS = ("'CMAKE_INTDIR=\"$(CONFIGURATION)$(EFFECTIVE_PLATFORM_NAME)\"'", );
				GCC_SYMBOLS_PRIVATE_EXTERN = NO;
				HEADER_SEARCH_PATHS = ("\"/Users/ssilver/Google Drive/development/pool/serial/build-xcode/googletest-src/googlemock/include\"", "\"/Users/ssilver/Google Drive/development/pool/serial/build-xcode/googletest-src/googlemock\"", "\"/Users/ssilver/Google Drive/development/pool/serial/build-xcode/googletest-src/googletest/include\"", "\"/Users/ssilver/Google Drive/development/pool/serial/build-xcode/googletest-src/googletest\"", );
				INSTALL_PATH = "";
				LIBRARY_STYLE = STATIC;
				OTHER_CPLUSPLUSFLAGS = "     -DGTEST_HAS_PTHREAD=1    ";
				OTHER_LIBTOOLFLAGS = " ";
				OTHER_REZFLAGS = "";
				PRODUCT_NAME = gmock_main;
				SECTORDER_FLAGS = "";
				SYMROOT = "/Users/ssilver/Google Drive/development/pool/serial/build-xcode/googletest-build/googlemock";
				USE_HEADERMAP = NO;
				WARNING_CFLAGS = ("-Wmost", "-Wno-four-char-constants", "-Wno-unknown-pragmas", "$(inherited)", );
			};
			name = Debug;
		};
		0887735291314D858F5C2B2F /* Release */ = {
			isa = XCBuildConfiguration;
			buildSettings = {
				COMBINE_HIDPI_IMAGES = YES;
				GCC_GENERATE_DEBUGGING_SYMBOLS = YES;
				GCC_INLINES_ARE_PRIVATE_EXTERN = NO;
				GCC_OPTIMIZATION_LEVEL = 0;
				GCC_PREPROCESSOR_DEFINITIONS = ("'CMAKE_INTDIR=\"$(CONFIGURATION)$(EFFECTIVE_PLATFORM_NAME)\"'", );
				GCC_SYMBOLS_PRIVATE_EXTERN = NO;
				HEADER_SEARCH_PATHS = ("\"/Users/ssilver/Google Drive/development/pool/serial/build-xcode/googletest-src/googlemock/include\"", "\"/Users/ssilver/Google Drive/development/pool/serial/build-xcode/googletest-src/googlemock\"", "\"/Users/ssilver/Google Drive/development/pool/serial/build-xcode/googletest-src/googletest/include\"", "\"/Users/ssilver/Google Drive/development/pool/serial/build-xcode/googletest-src/googletest\"", );
				INSTALL_PATH = "";
				OTHER_LDFLAGS = " ";
				OTHER_REZFLAGS = "";
				PRODUCT_NAME = install;
				SECTORDER_FLAGS = "";
				SYMROOT = "/Users/ssilver/Google Drive/development/pool/serial/build-xcode/googletest-build/googlemock";
				USE_HEADERMAP = NO;
				WARNING_CFLAGS = ("-Wmost", "-Wno-four-char-constants", "-Wno-unknown-pragmas", "$(inherited)", );
			};
			name = Release;
		};
		1C551EC6C75D4E71BF4090C5 /* RelWithDebInfo */ = {
			isa = XCBuildConfiguration;
			buildSettings = {
				COMBINE_HIDPI_IMAGES = YES;
				EXECUTABLE_PREFIX = lib;
				EXECUTABLE_SUFFIX = .a;
				GCC_GENERATE_DEBUGGING_SYMBOLS = YES;
				GCC_INLINES_ARE_PRIVATE_EXTERN = NO;
				GCC_OPTIMIZATION_LEVEL = 2;
				GCC_PREPROCESSOR_DEFINITIONS = ("'CMAKE_INTDIR=\"$(CONFIGURATION)$(EFFECTIVE_PLATFORM_NAME)\"'", );
				GCC_SYMBOLS_PRIVATE_EXTERN = NO;
				HEADER_SEARCH_PATHS = ("\"/Users/ssilver/Google Drive/development/pool/serial/build-xcode/googletest-src/googlemock/include\"", "\"/Users/ssilver/Google Drive/development/pool/serial/build-xcode/googletest-src/googlemock\"", "\"/Users/ssilver/Google Drive/development/pool/serial/build-xcode/googletest-src/googletest/include\"", "\"/Users/ssilver/Google Drive/development/pool/serial/build-xcode/googletest-src/googletest\"", );
				INSTALL_PATH = "";
				LIBRARY_STYLE = STATIC;
				OTHER_CPLUSPLUSFLAGS = "       -DNDEBUG   -DGTEST_HAS_PTHREAD=1    ";
				OTHER_LIBTOOLFLAGS = " ";
				OTHER_REZFLAGS = "";
				PRODUCT_NAME = gmock_main;
				SECTORDER_FLAGS = "";
				SYMROOT = "/Users/ssilver/Google Drive/development/pool/serial/build-xcode/googletest-build/googlemock";
				USE_HEADERMAP = NO;
				WARNING_CFLAGS = ("-Wmost", "-Wno-four-char-constants", "-Wno-unknown-pragmas", "$(inherited)", );
			};
			name = RelWithDebInfo;
		};
		2496986CA38B496899983F1F /* Release */ = {
			isa = XCBuildConfiguration;
			buildSettings = {
				COMBINE_HIDPI_IMAGES = YES;
				EXECUTABLE_PREFIX = lib;
				EXECUTABLE_SUFFIX = .a;
				GCC_GENERATE_DEBUGGING_SYMBOLS = NO;
				GCC_INLINES_ARE_PRIVATE_EXTERN = NO;
				GCC_OPTIMIZATION_LEVEL = 3;
				GCC_PREPROCESSOR_DEFINITIONS = ("'CMAKE_INTDIR=\"$(CONFIGURATION)$(EFFECTIVE_PLATFORM_NAME)\"'", );
				GCC_SYMBOLS_PRIVATE_EXTERN = NO;
				HEADER_SEARCH_PATHS = ("\"/Users/ssilver/Google Drive/development/pool/serial/build-xcode/googletest-src/googlemock/include\"", "\"/Users/ssilver/Google Drive/development/pool/serial/build-xcode/googletest-src/googlemock\"", "\"/Users/ssilver/Google Drive/development/pool/serial/build-xcode/googletest-src/googletest/include\"", "\"/Users/ssilver/Google Drive/development/pool/serial/build-xcode/googletest-src/googletest\"", );
				INSTALL_PATH = "";
				LIBRARY_STYLE = STATIC;
				OTHER_CPLUSPLUSFLAGS = "    -DNDEBUG   -DGTEST_HAS_PTHREAD=1    ";
				OTHER_LIBTOOLFLAGS = " ";
				OTHER_REZFLAGS = "";
				PRODUCT_NAME = gmock;
				SECTORDER_FLAGS = "";
				SYMROOT = "/Users/ssilver/Google Drive/development/pool/serial/build-xcode/googletest-build/googlemock";
				USE_HEADERMAP = NO;
				WARNING_CFLAGS = ("-Wmost", "-Wno-four-char-constants", "-Wno-unknown-pragmas", "$(inherited)", );
			};
			name = Release;
		};
		271073DFE99546238F8667D8 /* Debug */ = {
			isa = XCBuildConfiguration;
			buildSettings = {
				COMBINE_HIDPI_IMAGES = YES;
				EXECUTABLE_PREFIX = lib;
				EXECUTABLE_SUFFIX = .a;
				GCC_GENERATE_DEBUGGING_SYMBOLS = YES;
				GCC_INLINES_ARE_PRIVATE_EXTERN = NO;
				GCC_OPTIMIZATION_LEVEL = 0;
				GCC_PREPROCESSOR_DEFINITIONS = ("'CMAKE_INTDIR=\"$(CONFIGURATION)$(EFFECTIVE_PLATFORM_NAME)\"'", );
				GCC_SYMBOLS_PRIVATE_EXTERN = NO;
				HEADER_SEARCH_PATHS = ("\"/Users/ssilver/Google Drive/development/pool/serial/build-xcode/googletest-src/googletest/include\"", "\"/Users/ssilver/Google Drive/development/pool/serial/build-xcode/googletest-src/googletest\"", );
				INSTALL_PATH = "";
				LIBRARY_STYLE = STATIC;
				OTHER_CPLUSPLUSFLAGS = "     -DGTEST_HAS_PTHREAD=1    ";
				OTHER_LIBTOOLFLAGS = " ";
				OTHER_REZFLAGS = "";
				PRODUCT_NAME = gtest_main;
				SECTORDER_FLAGS = "";
				SYMROOT = "/Users/ssilver/Google Drive/development/pool/serial/build-xcode/googletest-build/googlemock/gtest";
				USE_HEADERMAP = NO;
				WARNING_CFLAGS = ("-Wmost", "-Wno-four-char-constants", "-Wno-unknown-pragmas", "$(inherited)", );
			};
			name = Debug;
		};
		2CA7F6B965414DDFBA53905E /* Debug */ = {
			isa = XCBuildConfiguration;
			buildSettings = {
				COMBINE_HIDPI_IMAGES = YES;
				EXECUTABLE_PREFIX = lib;
				EXECUTABLE_SUFFIX = .a;
				GCC_GENERATE_DEBUGGING_SYMBOLS = YES;
				GCC_INLINES_ARE_PRIVATE_EXTERN = NO;
				GCC_OPTIMIZATION_LEVEL = 0;
				GCC_PREPROCESSOR_DEFINITIONS = ("'CMAKE_INTDIR=\"$(CONFIGURATION)$(EFFECTIVE_PLATFORM_NAME)\"'", );
				GCC_SYMBOLS_PRIVATE_EXTERN = NO;
				HEADER_SEARCH_PATHS = ("\"/Users/ssilver/Google Drive/development/pool/serial/build-xcode/googletest-src/googletest/include\"", "\"/Users/ssilver/Google Drive/development/pool/serial/build-xcode/googletest-src/googletest\"", );
				INSTALL_PATH = "";
				LIBRARY_STYLE = STATIC;
				OTHER_CPLUSPLUSFLAGS = "     -DGTEST_HAS_PTHREAD=1    ";
				OTHER_LIBTOOLFLAGS = " ";
				OTHER_REZFLAGS = "";
				PRODUCT_NAME = gtest;
				SECTORDER_FLAGS = "";
				SYMROOT = "/Users/ssilver/Google Drive/development/pool/serial/build-xcode/googletest-build/googlemock/gtest";
				USE_HEADERMAP = NO;
				WARNING_CFLAGS = ("-Wmost", "-Wno-four-char-constants", "-Wno-unknown-pragmas", "$(inherited)", );
			};
			name = Debug;
		};
		4409B41B0FAD434BA9AB531B /* Debug */ = {
			isa = XCBuildConfiguration;
			buildSettings = {
				ONLY_ACTIVE_ARCH = YES;
				SDKROOT = /Applications/Xcode.app/Contents/Developer/Platforms/MacOSX.platform/Developer/SDKs/MacOSX10.12.sdk;
				SYMROOT = "/Users/ssilver/Google Drive/development/pool/serial/build-xcode/googletest-build/googlemock/build";
			};
			name = Debug;
		};
		493E291EA25C420AA5DB4FA9 /* MinSizeRel */ = {
			isa = XCBuildConfiguration;
			buildSettings = {
				COMBINE_HIDPI_IMAGES = YES;
				GCC_GENERATE_DEBUGGING_SYMBOLS = YES;
				GCC_INLINES_ARE_PRIVATE_EXTERN = NO;
				GCC_OPTIMIZATION_LEVEL = 0;
				GCC_PREPROCESSOR_DEFINITIONS = ("'CMAKE_INTDIR=\"$(CONFIGURATION)$(EFFECTIVE_PLATFORM_NAME)\"'", );
				GCC_SYMBOLS_PRIVATE_EXTERN = NO;
				HEADER_SEARCH_PATHS = ("\"/Users/ssilver/Google Drive/development/pool/serial/build-xcode/googletest-src/googlemock/include\"", "\"/Users/ssilver/Google Drive/development/pool/serial/build-xcode/googletest-src/googlemock\"", "\"/Users/ssilver/Google Drive/development/pool/serial/build-xcode/googletest-src/googletest/include\"", "\"/Users/ssilver/Google Drive/development/pool/serial/build-xcode/googletest-src/googletest\"", );
				INSTALL_PATH = "";
				OTHER_LDFLAGS = " ";
				OTHER_REZFLAGS = "";
				PRODUCT_NAME = ZERO_CHECK;
				SECTORDER_FLAGS = "";
				SYMROOT = "/Users/ssilver/Google Drive/development/pool/serial/build-xcode/googletest-build/googlemock";
				USE_HEADERMAP = NO;
				WARNING_CFLAGS = ("-Wmost", "-Wno-four-char-constants", "-Wno-unknown-pragmas", "$(inherited)", );
			};
			name = MinSizeRel;
		};
		4D02A83A06B8406DB9A9DEE7 /* Debug */ = {
			isa = XCBuildConfiguration;
			buildSettings = {
				COMBINE_HIDPI_IMAGES = YES;
				GCC_GENERATE_DEBUGGING_SYMBOLS = YES;
				GCC_INLINES_ARE_PRIVATE_EXTERN = NO;
				GCC_OPTIMIZATION_LEVEL = 0;
				GCC_PREPROCESSOR_DEFINITIONS = ("'CMAKE_INTDIR=\"$(CONFIGURATION)$(EFFECTIVE_PLATFORM_NAME)\"'", );
				GCC_SYMBOLS_PRIVATE_EXTERN = NO;
				HEADER_SEARCH_PATHS = ("\"/Users/ssilver/Google Drive/development/pool/serial/build-xcode/googletest-src/googlemock/include\"", "\"/Users/ssilver/Google Drive/development/pool/serial/build-xcode/googletest-src/googlemock\"", "\"/Users/ssilver/Google Drive/development/pool/serial/build-xcode/googletest-src/googletest/include\"", "\"/Users/ssilver/Google Drive/development/pool/serial/build-xcode/googletest-src/googletest\"", );
				INSTALL_PATH = "";
				OTHER_LDFLAGS = " ";
				OTHER_REZFLAGS = "";
				PRODUCT_NAME = ZERO_CHECK;
				SECTORDER_FLAGS = "";
				SYMROOT = "/Users/ssilver/Google Drive/development/pool/serial/build-xcode/googletest-build/googlemock";
				USE_HEADERMAP = NO;
				WARNING_CFLAGS = ("-Wmost", "-Wno-four-char-constants", "-Wno-unknown-pragmas", "$(inherited)", );
			};
			name = Debug;
		};
		4E959CD8775A4F2D8A074AF1 /* MinSizeRel */ = {
			isa = XCBuildConfiguration;
			buildSettings = {
				COMBINE_HIDPI_IMAGES = YES;
				GCC_GENERATE_DEBUGGING_SYMBOLS = YES;
				GCC_INLINES_ARE_PRIVATE_EXTERN = NO;
				GCC_OPTIMIZATION_LEVEL = 0;
				GCC_PREPROCESSOR_DEFINITIONS = ("'CMAKE_INTDIR=\"$(CONFIGURATION)$(EFFECTIVE_PLATFORM_NAME)\"'", );
				GCC_SYMBOLS_PRIVATE_EXTERN = NO;
				HEADER_SEARCH_PATHS = ("\"/Users/ssilver/Google Drive/development/pool/serial/build-xcode/googletest-src/googlemock/include\"", "\"/Users/ssilver/Google Drive/development/pool/serial/build-xcode/googletest-src/googlemock\"", "\"/Users/ssilver/Google Drive/development/pool/serial/build-xcode/googletest-src/googletest/include\"", "\"/Users/ssilver/Google Drive/development/pool/serial/build-xcode/googletest-src/googletest\"", );
				INSTALL_PATH = "";
				OTHER_LDFLAGS = " ";
				OTHER_REZFLAGS = "";
				PRODUCT_NAME = install;
				SECTORDER_FLAGS = "";
				SYMROOT = "/Users/ssilver/Google Drive/development/pool/serial/build-xcode/googletest-build/googlemock";
				USE_HEADERMAP = NO;
				WARNING_CFLAGS = ("-Wmost", "-Wno-four-char-constants", "-Wno-unknown-pragmas", "$(inherited)", );
			};
			name = MinSizeRel;
		};
		605BE9163FAE47BCA12F37A2 /* MinSizeRel */ = {
			isa = XCBuildConfiguration;
			buildSettings = {
				COMBINE_HIDPI_IMAGES = YES;
				EXECUTABLE_PREFIX = lib;
				EXECUTABLE_SUFFIX = .a;
				GCC_GENERATE_DEBUGGING_SYMBOLS = NO;
				GCC_INLINES_ARE_PRIVATE_EXTERN = NO;
				GCC_OPTIMIZATION_LEVEL = s;
				GCC_PREPROCESSOR_DEFINITIONS = ("'CMAKE_INTDIR=\"$(CONFIGURATION)$(EFFECTIVE_PLATFORM_NAME)\"'", );
				GCC_SYMBOLS_PRIVATE_EXTERN = NO;
				HEADER_SEARCH_PATHS = ("\"/Users/ssilver/Google Drive/development/pool/serial/build-xcode/googletest-src/googlemock/include\"", "\"/Users/ssilver/Google Drive/development/pool/serial/build-xcode/googletest-src/googlemock\"", "\"/Users/ssilver/Google Drive/development/pool/serial/build-xcode/googletest-src/googletest/include\"", "\"/Users/ssilver/Google Drive/development/pool/serial/build-xcode/googletest-src/googletest\"", );
				INSTALL_PATH = "";
				LIBRARY_STYLE = STATIC;
				OTHER_CPLUSPLUSFLAGS = "    -DNDEBUG   -DGTEST_HAS_PTHREAD=1    ";
				OTHER_LIBTOOLFLAGS = " ";
				OTHER_REZFLAGS = "";
				PRODUCT_NAME = gmock;
				SECTORDER_FLAGS = "";
				SYMROOT = "/Users/ssilver/Google Drive/development/pool/serial/build-xcode/googletest-build/googlemock";
				USE_HEADERMAP = NO;
				WARNING_CFLAGS = ("-Wmost", "-Wno-four-char-constants", "-Wno-unknown-pragmas", "$(inherited)", );
			};
			name = MinSizeRel;
		};
		65EE271994514CF595290FEF /* RelWithDebInfo */ = {
			isa = XCBuildConfiguration;
			buildSettings = {
				COMBINE_HIDPI_IMAGES = YES;
				EXECUTABLE_PREFIX = lib;
				EXECUTABLE_SUFFIX = .a;
				GCC_GENERATE_DEBUGGING_SYMBOLS = YES;
				GCC_INLINES_ARE_PRIVATE_EXTERN = NO;
				GCC_OPTIMIZATION_LEVEL = 2;
				GCC_PREPROCESSOR_DEFINITIONS = ("'CMAKE_INTDIR=\"$(CONFIGURATION)$(EFFECTIVE_PLATFORM_NAME)\"'", );
				GCC_SYMBOLS_PRIVATE_EXTERN = NO;
				HEADER_SEARCH_PATHS = ("\"/Users/ssilver/Google Drive/development/pool/serial/build-xcode/googletest-src/googletest/include\"", "\"/Users/ssilver/Google Drive/development/pool/serial/build-xcode/googletest-src/googletest\"", );
				INSTALL_PATH = "";
				LIBRARY_STYLE = STATIC;
				OTHER_CPLUSPLUSFLAGS = "       -DNDEBUG   -DGTEST_HAS_PTHREAD=1    ";
				OTHER_LIBTOOLFLAGS = " ";
				OTHER_REZFLAGS = "";
				PRODUCT_NAME = gtest_main;
				SECTORDER_FLAGS = "";
				SYMROOT = "/Users/ssilver/Google Drive/development/pool/serial/build-xcode/googletest-build/googlemock/gtest";
				USE_HEADERMAP = NO;
				WARNING_CFLAGS = ("-Wmost", "-Wno-four-char-constants", "-Wno-unknown-pragmas", "$(inherited)", );
			};
			name = RelWithDebInfo;
		};
		6F5699D68EE048FCB149E15A /* RelWithDebInfo */ = {
			isa = XCBuildConfiguration;
			buildSettings = {
				ONLY_ACTIVE_ARCH = YES;
				SDKROOT = /Applications/Xcode.app/Contents/Developer/Platforms/MacOSX.platform/Developer/SDKs/MacOSX10.12.sdk;
				SYMROOT = "/Users/ssilver/Google Drive/development/pool/serial/build-xcode/googletest-build/googlemock/build";
			};
			name = RelWithDebInfo;
		};
		7AFB0DC4D45344EAB3329C65 /* MinSizeRel */ = {
			isa = XCBuildConfiguration;
			buildSettings = {
				ONLY_ACTIVE_ARCH = YES;
				SDKROOT = /Applications/Xcode.app/Contents/Developer/Platforms/MacOSX.platform/Developer/SDKs/MacOSX10.12.sdk;
				SYMROOT = "/Users/ssilver/Google Drive/development/pool/serial/build-xcode/googletest-build/googlemock/build";
			};
			name = MinSizeRel;
		};
		7BA77555A9DA4E4F987CA4E4 /* Release */ = {
			isa = XCBuildConfiguration;
			buildSettings = {
				COMBINE_HIDPI_IMAGES = YES;
				GCC_GENERATE_DEBUGGING_SYMBOLS = YES;
				GCC_INLINES_ARE_PRIVATE_EXTERN = NO;
				GCC_OPTIMIZATION_LEVEL = 0;
				GCC_PREPROCESSOR_DEFINITIONS = ("'CMAKE_INTDIR=\"$(CONFIGURATION)$(EFFECTIVE_PLATFORM_NAME)\"'", );
				GCC_SYMBOLS_PRIVATE_EXTERN = NO;
				HEADER_SEARCH_PATHS = ("\"/Users/ssilver/Google Drive/development/pool/serial/build-xcode/googletest-src/googlemock/include\"", "\"/Users/ssilver/Google Drive/development/pool/serial/build-xcode/googletest-src/googlemock\"", "\"/Users/ssilver/Google Drive/development/pool/serial/build-xcode/googletest-src/googletest/include\"", "\"/Users/ssilver/Google Drive/development/pool/serial/build-xcode/googletest-src/googletest\"", );
				INSTALL_PATH = "";
				OTHER_LDFLAGS = " ";
				OTHER_REZFLAGS = "";
				PRODUCT_NAME = ALL_BUILD;
				SECTORDER_FLAGS = "";
				SYMROOT = "/Users/ssilver/Google Drive/development/pool/serial/build-xcode/googletest-build/googlemock";
				USE_HEADERMAP = NO;
				WARNING_CFLAGS = ("-Wmost", "-Wno-four-char-constants", "-Wno-unknown-pragmas", "$(inherited)", );
			};
			name = Release;
		};
		7EBBAD831723474CA8752ABE /* RelWithDebInfo */ = {
			isa = XCBuildConfiguration;
			buildSettings = {
				COMBINE_HIDPI_IMAGES = YES;
				EXECUTABLE_PREFIX = lib;
				EXECUTABLE_SUFFIX = .a;
				GCC_GENERATE_DEBUGGING_SYMBOLS = YES;
				GCC_INLINES_ARE_PRIVATE_EXTERN = NO;
				GCC_OPTIMIZATION_LEVEL = 2;
				GCC_PREPROCESSOR_DEFINITIONS = ("'CMAKE_INTDIR=\"$(CONFIGURATION)$(EFFECTIVE_PLATFORM_NAME)\"'", );
				GCC_SYMBOLS_PRIVATE_EXTERN = NO;
				HEADER_SEARCH_PATHS = ("\"/Users/ssilver/Google Drive/development/pool/serial/build-xcode/googletest-src/googletest/include\"", "\"/Users/ssilver/Google Drive/development/pool/serial/build-xcode/googletest-src/googletest\"", );
				INSTALL_PATH = "";
				LIBRARY_STYLE = STATIC;
				OTHER_CPLUSPLUSFLAGS = "       -DNDEBUG   -DGTEST_HAS_PTHREAD=1    ";
				OTHER_LIBTOOLFLAGS = " ";
				OTHER_REZFLAGS = "";
				PRODUCT_NAME = gtest;
				SECTORDER_FLAGS = "";
				SYMROOT = "/Users/ssilver/Google Drive/development/pool/serial/build-xcode/googletest-build/googlemock/gtest";
				USE_HEADERMAP = NO;
				WARNING_CFLAGS = ("-Wmost", "-Wno-four-char-constants", "-Wno-unknown-pragmas", "$(inherited)", );
			};
			name = RelWithDebInfo;
		};
		A73CDC212A264294AEFF21F4 /* Release */ = {
			isa = XCBuildConfiguration;
			buildSettings = {
				COMBINE_HIDPI_IMAGES = YES;
				EXECUTABLE_PREFIX = lib;
				EXECUTABLE_SUFFIX = .a;
				GCC_GENERATE_DEBUGGING_SYMBOLS = NO;
				GCC_INLINES_ARE_PRIVATE_EXTERN = NO;
				GCC_OPTIMIZATION_LEVEL = 3;
				GCC_PREPROCESSOR_DEFINITIONS = ("'CMAKE_INTDIR=\"$(CONFIGURATION)$(EFFECTIVE_PLATFORM_NAME)\"'", );
				GCC_SYMBOLS_PRIVATE_EXTERN = NO;
				HEADER_SEARCH_PATHS = ("\"/Users/ssilver/Google Drive/development/pool/serial/build-xcode/googletest-src/googletest/include\"", "\"/Users/ssilver/Google Drive/development/pool/serial/build-xcode/googletest-src/googletest\"", );
				INSTALL_PATH = "";
				LIBRARY_STYLE = STATIC;
				OTHER_CPLUSPLUSFLAGS = "    -DNDEBUG   -DGTEST_HAS_PTHREAD=1    ";
				OTHER_LIBTOOLFLAGS = " ";
				OTHER_REZFLAGS = "";
				PRODUCT_NAME = gtest;
				SECTORDER_FLAGS = "";
				SYMROOT = "/Users/ssilver/Google Drive/development/pool/serial/build-xcode/googletest-build/googlemock/gtest";
				USE_HEADERMAP = NO;
				WARNING_CFLAGS = ("-Wmost", "-Wno-four-char-constants", "-Wno-unknown-pragmas", "$(inherited)", );
			};
			name = Release;
		};
		B1E099E4C94644AC96C8787C /* MinSizeRel */ = {
			isa = XCBuildConfiguration;
			buildSettings = {
				COMBINE_HIDPI_IMAGES = YES;
				GCC_GENERATE_DEBUGGING_SYMBOLS = YES;
				GCC_INLINES_ARE_PRIVATE_EXTERN = NO;
				GCC_OPTIMIZATION_LEVEL = 0;
				GCC_PREPROCESSOR_DEFINITIONS = ("'CMAKE_INTDIR=\"$(CONFIGURATION)$(EFFECTIVE_PLATFORM_NAME)\"'", );
				GCC_SYMBOLS_PRIVATE_EXTERN = NO;
				HEADER_SEARCH_PATHS = ("\"/Users/ssilver/Google Drive/development/pool/serial/build-xcode/googletest-src/googlemock/include\"", "\"/Users/ssilver/Google Drive/development/pool/serial/build-xcode/googletest-src/googlemock\"", "\"/Users/ssilver/Google Drive/development/pool/serial/build-xcode/googletest-src/googletest/include\"", "\"/Users/ssilver/Google Drive/development/pool/serial/build-xcode/googletest-src/googletest\"", );
				INSTALL_PATH = "";
				OTHER_LDFLAGS = " ";
				OTHER_REZFLAGS = "";
				PRODUCT_NAME = ALL_BUILD;
				SECTORDER_FLAGS = "";
				SYMROOT = "/Users/ssilver/Google Drive/development/pool/serial/build-xcode/googletest-build/googlemock";
				USE_HEADERMAP = NO;
				WARNING_CFLAGS = ("-Wmost", "-Wno-four-char-constants", "-Wno-unknown-pragmas", "$(inherited)", );
			};
			name = MinSizeRel;
		};
		B618037C8C56481C9C246E26 /* RelWithDebInfo */ = {
			isa = XCBuildConfiguration;
			buildSettings = {
				COMBINE_HIDPI_IMAGES = YES;
				GCC_GENERATE_DEBUGGING_SYMBOLS = YES;
				GCC_INLINES_ARE_PRIVATE_EXTERN = NO;
				GCC_OPTIMIZATION_LEVEL = 0;
				GCC_PREPROCESSOR_DEFINITIONS = ("'CMAKE_INTDIR=\"$(CONFIGURATION)$(EFFECTIVE_PLATFORM_NAME)\"'", );
				GCC_SYMBOLS_PRIVATE_EXTERN = NO;
				HEADER_SEARCH_PATHS = ("\"/Users/ssilver/Google Drive/development/pool/serial/build-xcode/googletest-src/googlemock/include\"", "\"/Users/ssilver/Google Drive/development/pool/serial/build-xcode/googletest-src/googlemock\"", "\"/Users/ssilver/Google Drive/development/pool/serial/build-xcode/googletest-src/googletest/include\"", "\"/Users/ssilver/Google Drive/development/pool/serial/build-xcode/googletest-src/googletest\"", );
				INSTALL_PATH = "";
				OTHER_LDFLAGS = " ";
				OTHER_REZFLAGS = "";
				PRODUCT_NAME = ALL_BUILD;
				SECTORDER_FLAGS = "";
				SYMROOT = "/Users/ssilver/Google Drive/development/pool/serial/build-xcode/googletest-build/googlemock";
				USE_HEADERMAP = NO;
				WARNING_CFLAGS = ("-Wmost", "-Wno-four-char-constants", "-Wno-unknown-pragmas", "$(inherited)", );
			};
			name = RelWithDebInfo;
		};
		BB1556CE722F4BE0831C649F /* RelWithDebInfo */ = {
			isa = XCBuildConfiguration;
			buildSettings = {
				COMBINE_HIDPI_IMAGES = YES;
				EXECUTABLE_PREFIX = lib;
				EXECUTABLE_SUFFIX = .a;
				GCC_GENERATE_DEBUGGING_SYMBOLS = YES;
				GCC_INLINES_ARE_PRIVATE_EXTERN = NO;
				GCC_OPTIMIZATION_LEVEL = 2;
				GCC_PREPROCESSOR_DEFINITIONS = ("'CMAKE_INTDIR=\"$(CONFIGURATION)$(EFFECTIVE_PLATFORM_NAME)\"'", );
				GCC_SYMBOLS_PRIVATE_EXTERN = NO;
				HEADER_SEARCH_PATHS = ("\"/Users/ssilver/Google Drive/development/pool/serial/build-xcode/googletest-src/googlemock/include\"", "\"/Users/ssilver/Google Drive/development/pool/serial/build-xcode/googletest-src/googlemock\"", "\"/Users/ssilver/Google Drive/development/pool/serial/build-xcode/googletest-src/googletest/include\"", "\"/Users/ssilver/Google Drive/development/pool/serial/build-xcode/googletest-src/googletest\"", );
				INSTALL_PATH = "";
				LIBRARY_STYLE = STATIC;
				OTHER_CPLUSPLUSFLAGS = "       -DNDEBUG   -DGTEST_HAS_PTHREAD=1    ";
				OTHER_LIBTOOLFLAGS = " ";
				OTHER_REZFLAGS = "";
				PRODUCT_NAME = gmock;
				SECTORDER_FLAGS = "";
				SYMROOT = "/Users/ssilver/Google Drive/development/pool/serial/build-xcode/googletest-build/googlemock";
				USE_HEADERMAP = NO;
				WARNING_CFLAGS = ("-Wmost", "-Wno-four-char-constants", "-Wno-unknown-pragmas", "$(inherited)", );
			};
			name = RelWithDebInfo;
		};
		C0A4EA28A99B44509D333853 /* MinSizeRel */ = {
			isa = XCBuildConfiguration;
			buildSettings = {
				COMBINE_HIDPI_IMAGES = YES;
				EXECUTABLE_PREFIX = lib;
				EXECUTABLE_SUFFIX = .a;
				GCC_GENERATE_DEBUGGING_SYMBOLS = NO;
				GCC_INLINES_ARE_PRIVATE_EXTERN = NO;
				GCC_OPTIMIZATION_LEVEL = s;
				GCC_PREPROCESSOR_DEFINITIONS = ("'CMAKE_INTDIR=\"$(CONFIGURATION)$(EFFECTIVE_PLATFORM_NAME)\"'", );
				GCC_SYMBOLS_PRIVATE_EXTERN = NO;
				HEADER_SEARCH_PATHS = ("\"/Users/ssilver/Google Drive/development/pool/serial/build-xcode/googletest-src/googletest/include\"", "\"/Users/ssilver/Google Drive/development/pool/serial/build-xcode/googletest-src/googletest\"", );
				INSTALL_PATH = "";
				LIBRARY_STYLE = STATIC;
				OTHER_CPLUSPLUSFLAGS = "    -DNDEBUG   -DGTEST_HAS_PTHREAD=1    ";
				OTHER_LIBTOOLFLAGS = " ";
				OTHER_REZFLAGS = "";
				PRODUCT_NAME = gtest;
				SECTORDER_FLAGS = "";
				SYMROOT = "/Users/ssilver/Google Drive/development/pool/serial/build-xcode/googletest-build/googlemock/gtest";
				USE_HEADERMAP = NO;
				WARNING_CFLAGS = ("-Wmost", "-Wno-four-char-constants", "-Wno-unknown-pragmas", "$(inherited)", );
			};
			name = MinSizeRel;
		};
		D60EE3C3C0AC478CB153C6C8 /* Debug */ = {
			isa = XCBuildConfiguration;
			buildSettings = {
				COMBINE_HIDPI_IMAGES = YES;
				GCC_GENERATE_DEBUGGING_SYMBOLS = YES;
				GCC_INLINES_ARE_PRIVATE_EXTERN = NO;
				GCC_OPTIMIZATION_LEVEL = 0;
				GCC_PREPROCESSOR_DEFINITIONS = ("'CMAKE_INTDIR=\"$(CONFIGURATION)$(EFFECTIVE_PLATFORM_NAME)\"'", );
				GCC_SYMBOLS_PRIVATE_EXTERN = NO;
				HEADER_SEARCH_PATHS = ("\"/Users/ssilver/Google Drive/development/pool/serial/build-xcode/googletest-src/googlemock/include\"", "\"/Users/ssilver/Google Drive/development/pool/serial/build-xcode/googletest-src/googlemock\"", "\"/Users/ssilver/Google Drive/development/pool/serial/build-xcode/googletest-src/googletest/include\"", "\"/Users/ssilver/Google Drive/development/pool/serial/build-xcode/googletest-src/googletest\"", );
				INSTALL_PATH = "";
				OTHER_LDFLAGS = " ";
				OTHER_REZFLAGS = "";
				PRODUCT_NAME = install;
				SECTORDER_FLAGS = "";
				SYMROOT = "/Users/ssilver/Google Drive/development/pool/serial/build-xcode/googletest-build/googlemock";
				USE_HEADERMAP = NO;
				WARNING_CFLAGS = ("-Wmost", "-Wno-four-char-constants", "-Wno-unknown-pragmas", "$(inherited)", );
			};
			name = Debug;
		};
		DAA30184D34745CB96D75A3D /* RelWithDebInfo */ = {
			isa = XCBuildConfiguration;
			buildSettings = {
				COMBINE_HIDPI_IMAGES = YES;
				GCC_GENERATE_DEBUGGING_SYMBOLS = YES;
				GCC_INLINES_ARE_PRIVATE_EXTERN = NO;
				GCC_OPTIMIZATION_LEVEL = 0;
				GCC_PREPROCESSOR_DEFINITIONS = ("'CMAKE_INTDIR=\"$(CONFIGURATION)$(EFFECTIVE_PLATFORM_NAME)\"'", );
				GCC_SYMBOLS_PRIVATE_EXTERN = NO;
				HEADER_SEARCH_PATHS = ("\"/Users/ssilver/Google Drive/development/pool/serial/build-xcode/googletest-src/googlemock/include\"", "\"/Users/ssilver/Google Drive/development/pool/serial/build-xcode/googletest-src/googlemock\"", "\"/Users/ssilver/Google Drive/development/pool/serial/build-xcode/googletest-src/googletest/include\"", "\"/Users/ssilver/Google Drive/development/pool/serial/build-xcode/googletest-src/googletest\"", );
				INSTALL_PATH = "";
				OTHER_LDFLAGS = " ";
				OTHER_REZFLAGS = "";
				PRODUCT_NAME = ZERO_CHECK;
				SECTORDER_FLAGS = "";
				SYMROOT = "/Users/ssilver/Google Drive/development/pool/serial/build-xcode/googletest-build/googlemock";
				USE_HEADERMAP = NO;
				WARNING_CFLAGS = ("-Wmost", "-Wno-four-char-constants", "-Wno-unknown-pragmas", "$(inherited)", );
			};
			name = RelWithDebInfo;
		};
		E296367608B04D838A0895A5 /* Release */ = {
			isa = XCBuildConfiguration;
			buildSettings = {
				ONLY_ACTIVE_ARCH = YES;
				SDKROOT = /Applications/Xcode.app/Contents/Developer/Platforms/MacOSX.platform/Developer/SDKs/MacOSX10.12.sdk;
				SYMROOT = "/Users/ssilver/Google Drive/development/pool/serial/build-xcode/googletest-build/googlemock/build";
			};
			name = Release;
		};
		E814470F187942C3BD68548A /* RelWithDebInfo */ = {
			isa = XCBuildConfiguration;
			buildSettings = {
				COMBINE_HIDPI_IMAGES = YES;
				GCC_GENERATE_DEBUGGING_SYMBOLS = YES;
				GCC_INLINES_ARE_PRIVATE_EXTERN = NO;
				GCC_OPTIMIZATION_LEVEL = 0;
				GCC_PREPROCESSOR_DEFINITIONS = ("'CMAKE_INTDIR=\"$(CONFIGURATION)$(EFFECTIVE_PLATFORM_NAME)\"'", );
				GCC_SYMBOLS_PRIVATE_EXTERN = NO;
				HEADER_SEARCH_PATHS = ("\"/Users/ssilver/Google Drive/development/pool/serial/build-xcode/googletest-src/googlemock/include\"", "\"/Users/ssilver/Google Drive/development/pool/serial/build-xcode/googletest-src/googlemock\"", "\"/Users/ssilver/Google Drive/development/pool/serial/build-xcode/googletest-src/googletest/include\"", "\"/Users/ssilver/Google Drive/development/pool/serial/build-xcode/googletest-src/googletest\"", );
				INSTALL_PATH = "";
				OTHER_LDFLAGS = " ";
				OTHER_REZFLAGS = "";
				PRODUCT_NAME = install;
				SECTORDER_FLAGS = "";
				SYMROOT = "/Users/ssilver/Google Drive/development/pool/serial/build-xcode/googletest-build/googlemock";
				USE_HEADERMAP = NO;
				WARNING_CFLAGS = ("-Wmost", "-Wno-four-char-constants", "-Wno-unknown-pragmas", "$(inherited)", );
			};
			name = RelWithDebInfo;
		};
		E85CED044783442FA63D638D /* Release */ = {
			isa = XCBuildConfiguration;
			buildSettings = {
				COMBINE_HIDPI_IMAGES = YES;
				EXECUTABLE_PREFIX = lib;
				EXECUTABLE_SUFFIX = .a;
				GCC_GENERATE_DEBUGGING_SYMBOLS = NO;
				GCC_INLINES_ARE_PRIVATE_EXTERN = NO;
				GCC_OPTIMIZATION_LEVEL = 3;
				GCC_PREPROCESSOR_DEFINITIONS = ("'CMAKE_INTDIR=\"$(CONFIGURATION)$(EFFECTIVE_PLATFORM_NAME)\"'", );
				GCC_SYMBOLS_PRIVATE_EXTERN = NO;
				HEADER_SEARCH_PATHS = ("\"/Users/ssilver/Google Drive/development/pool/serial/build-xcode/googletest-src/googletest/include\"", "\"/Users/ssilver/Google Drive/development/pool/serial/build-xcode/googletest-src/googletest\"", );
				INSTALL_PATH = "";
				LIBRARY_STYLE = STATIC;
				OTHER_CPLUSPLUSFLAGS = "    -DNDEBUG   -DGTEST_HAS_PTHREAD=1    ";
				OTHER_LIBTOOLFLAGS = " ";
				OTHER_REZFLAGS = "";
				PRODUCT_NAME = gtest_main;
				SECTORDER_FLAGS = "";
				SYMROOT = "/Users/ssilver/Google Drive/development/pool/serial/build-xcode/googletest-build/googlemock/gtest";
				USE_HEADERMAP = NO;
				WARNING_CFLAGS = ("-Wmost", "-Wno-four-char-constants", "-Wno-unknown-pragmas", "$(inherited)", );
			};
			name = Release;
		};
		F0361F2832FF4C958160B4A7 /* MinSizeRel */ = {
			isa = XCBuildConfiguration;
			buildSettings = {
				COMBINE_HIDPI_IMAGES = YES;
				EXECUTABLE_PREFIX = lib;
				EXECUTABLE_SUFFIX = .a;
				GCC_GENERATE_DEBUGGING_SYMBOLS = NO;
				GCC_INLINES_ARE_PRIVATE_EXTERN = NO;
				GCC_OPTIMIZATION_LEVEL = s;
				GCC_PREPROCESSOR_DEFINITIONS = ("'CMAKE_INTDIR=\"$(CONFIGURATION)$(EFFECTIVE_PLATFORM_NAME)\"'", );
				GCC_SYMBOLS_PRIVATE_EXTERN = NO;
				HEADER_SEARCH_PATHS = ("\"/Users/ssilver/Google Drive/development/pool/serial/build-xcode/googletest-src/googletest/include\"", "\"/Users/ssilver/Google Drive/development/pool/serial/build-xcode/googletest-src/googletest\"", );
				INSTALL_PATH = "";
				LIBRARY_STYLE = STATIC;
				OTHER_CPLUSPLUSFLAGS = "    -DNDEBUG   -DGTEST_HAS_PTHREAD=1    ";
				OTHER_LIBTOOLFLAGS = " ";
				OTHER_REZFLAGS = "";
				PRODUCT_NAME = gtest_main;
				SECTORDER_FLAGS = "";
				SYMROOT = "/Users/ssilver/Google Drive/development/pool/serial/build-xcode/googletest-build/googlemock/gtest";
				USE_HEADERMAP = NO;
				WARNING_CFLAGS = ("-Wmost", "-Wno-four-char-constants", "-Wno-unknown-pragmas", "$(inherited)", );
			};
			name = MinSizeRel;
		};
		F7E2B208E23340B3866A2117 /* Release */ = {
			isa = XCBuildConfiguration;
			buildSettings = {
				COMBINE_HIDPI_IMAGES = YES;
				GCC_GENERATE_DEBUGGING_SYMBOLS = YES;
				GCC_INLINES_ARE_PRIVATE_EXTERN = NO;
				GCC_OPTIMIZATION_LEVEL = 0;
				GCC_PREPROCESSOR_DEFINITIONS = ("'CMAKE_INTDIR=\"$(CONFIGURATION)$(EFFECTIVE_PLATFORM_NAME)\"'", );
				GCC_SYMBOLS_PRIVATE_EXTERN = NO;
				HEADER_SEARCH_PATHS = ("\"/Users/ssilver/Google Drive/development/pool/serial/build-xcode/googletest-src/googlemock/include\"", "\"/Users/ssilver/Google Drive/development/pool/serial/build-xcode/googletest-src/googlemock\"", "\"/Users/ssilver/Google Drive/development/pool/serial/build-xcode/googletest-src/googletest/include\"", "\"/Users/ssilver/Google Drive/development/pool/serial/build-xcode/googletest-src/googletest\"", );
				INSTALL_PATH = "";
				OTHER_LDFLAGS = " ";
				OTHER_REZFLAGS = "";
				PRODUCT_NAME = ZERO_CHECK;
				SECTORDER_FLAGS = "";
				SYMROOT = "/Users/ssilver/Google Drive/development/pool/serial/build-xcode/googletest-build/googlemock";
				USE_HEADERMAP = NO;
				WARNING_CFLAGS = ("-Wmost", "-Wno-four-char-constants", "-Wno-unknown-pragmas", "$(inherited)", );
			};
			name = Release;
		};
		FB3C5A5752894BF78F91CA24 /* Debug */ = {
			isa = XCBuildConfiguration;
			buildSettings = {
				COMBINE_HIDPI_IMAGES = YES;
				EXECUTABLE_PREFIX = lib;
				EXECUTABLE_SUFFIX = .a;
				GCC_GENERATE_DEBUGGING_SYMBOLS = YES;
				GCC_INLINES_ARE_PRIVATE_EXTERN = NO;
				GCC_OPTIMIZATION_LEVEL = 0;
				GCC_PREPROCESSOR_DEFINITIONS = ("'CMAKE_INTDIR=\"$(CONFIGURATION)$(EFFECTIVE_PLATFORM_NAME)\"'", );
				GCC_SYMBOLS_PRIVATE_EXTERN = NO;
				HEADER_SEARCH_PATHS = ("\"/Users/ssilver/Google Drive/development/pool/serial/build-xcode/googletest-src/googlemock/include\"", "\"/Users/ssilver/Google Drive/development/pool/serial/build-xcode/googletest-src/googlemock\"", "\"/Users/ssilver/Google Drive/development/pool/serial/build-xcode/googletest-src/googletest/include\"", "\"/Users/ssilver/Google Drive/development/pool/serial/build-xcode/googletest-src/googletest\"", );
				INSTALL_PATH = "";
				LIBRARY_STYLE = STATIC;
				OTHER_CPLUSPLUSFLAGS = "     -DGTEST_HAS_PTHREAD=1    ";
				OTHER_LIBTOOLFLAGS = " ";
				OTHER_REZFLAGS = "";
				PRODUCT_NAME = gmock;
				SECTORDER_FLAGS = "";
				SYMROOT = "/Users/ssilver/Google Drive/development/pool/serial/build-xcode/googletest-build/googlemock";
				USE_HEADERMAP = NO;
				WARNING_CFLAGS = ("-Wmost", "-Wno-four-char-constants", "-Wno-unknown-pragmas", "$(inherited)", );
			};
			name = Debug;
		};
		FF8596F9DCE54E9B93C2843F /* MinSizeRel */ = {
			isa = XCBuildConfiguration;
			buildSettings = {
				COMBINE_HIDPI_IMAGES = YES;
				EXECUTABLE_PREFIX = lib;
				EXECUTABLE_SUFFIX = .a;
				GCC_GENERATE_DEBUGGING_SYMBOLS = NO;
				GCC_INLINES_ARE_PRIVATE_EXTERN = NO;
				GCC_OPTIMIZATION_LEVEL = s;
				GCC_PREPROCESSOR_DEFINITIONS = ("'CMAKE_INTDIR=\"$(CONFIGURATION)$(EFFECTIVE_PLATFORM_NAME)\"'", );
				GCC_SYMBOLS_PRIVATE_EXTERN = NO;
				HEADER_SEARCH_PATHS = ("\"/Users/ssilver/Google Drive/development/pool/serial/build-xcode/googletest-src/googlemock/include\"", "\"/Users/ssilver/Google Drive/development/pool/serial/build-xcode/googletest-src/googlemock\"", "\"/Users/ssilver/Google Drive/development/pool/serial/build-xcode/googletest-src/googletest/include\"", "\"/Users/ssilver/Google Drive/development/pool/serial/build-xcode/googletest-src/googletest\"", );
				INSTALL_PATH = "";
				LIBRARY_STYLE = STATIC;
				OTHER_CPLUSPLUSFLAGS = "    -DNDEBUG   -DGTEST_HAS_PTHREAD=1    ";
				OTHER_LIBTOOLFLAGS = " ";
				OTHER_REZFLAGS = "";
				PRODUCT_NAME = gmock_main;
				SECTORDER_FLAGS = "";
				SYMROOT = "/Users/ssilver/Google Drive/development/pool/serial/build-xcode/googletest-build/googlemock";
				USE_HEADERMAP = NO;
				WARNING_CFLAGS = ("-Wmost", "-Wno-four-char-constants", "-Wno-unknown-pragmas", "$(inherited)", );
			};
			name = MinSizeRel;
		};
		FFF6553C1D794BB1A6E63C33 /* Release */ = {
			isa = XCBuildConfiguration;
			buildSettings = {
				COMBINE_HIDPI_IMAGES = YES;
				EXECUTABLE_PREFIX = lib;
				EXECUTABLE_SUFFIX = .a;
				GCC_GENERATE_DEBUGGING_SYMBOLS = NO;
				GCC_INLINES_ARE_PRIVATE_EXTERN = NO;
				GCC_OPTIMIZATION_LEVEL = 3;
				GCC_PREPROCESSOR_DEFINITIONS = ("'CMAKE_INTDIR=\"$(CONFIGURATION)$(EFFECTIVE_PLATFORM_NAME)\"'", );
				GCC_SYMBOLS_PRIVATE_EXTERN = NO;
				HEADER_SEARCH_PATHS = ("\"/Users/ssilver/Google Drive/development/pool/serial/build-xcode/googletest-src/googlemock/include\"", "\"/Users/ssilver/Google Drive/development/pool/serial/build-xcode/googletest-src/googlemock\"", "\"/Users/ssilver/Google Drive/development/pool/serial/build-xcode/googletest-src/googletest/include\"", "\"/Users/ssilver/Google Drive/development/pool/serial/build-xcode/googletest-src/googletest\"", );
				INSTALL_PATH = "";
				LIBRARY_STYLE = STATIC;
				OTHER_CPLUSPLUSFLAGS = "    -DNDEBUG   -DGTEST_HAS_PTHREAD=1    ";
				OTHER_LIBTOOLFLAGS = " ";
				OTHER_REZFLAGS = "";
				PRODUCT_NAME = gmock_main;
				SECTORDER_FLAGS = "";
				SYMROOT = "/Users/ssilver/Google Drive/development/pool/serial/build-xcode/googletest-build/googlemock";
				USE_HEADERMAP = NO;
				WARNING_CFLAGS = ("-Wmost", "-Wno-four-char-constants", "-Wno-unknown-pragmas", "$(inherited)", );
			};
			name = Release;
		};
/* End XCBuildConfiguration section */

/* Begin XCConfigurationList section */
		358894E0F8054EF4980ADF76 /* Build configuration list for PBXAggregateTarget "install" */ = {
			isa = XCConfigurationList;
			buildConfigurations = (
				D60EE3C3C0AC478CB153C6C8 /* Debug */,
				0887735291314D858F5C2B2F /* Release */,
				4E959CD8775A4F2D8A074AF1 /* MinSizeRel */,
				E814470F187942C3BD68548A /* RelWithDebInfo */,
			);
			defaultConfigurationIsVisible = 0;
			defaultConfigurationName = Debug;
		};
		413469318ACB49C09C2C6BA3 /* Build configuration list for PBXAggregateTarget "ZERO_CHECK" */ = {
			isa = XCConfigurationList;
			buildConfigurations = (
				4D02A83A06B8406DB9A9DEE7 /* Debug */,
				F7E2B208E23340B3866A2117 /* Release */,
				493E291EA25C420AA5DB4FA9 /* MinSizeRel */,
				DAA30184D34745CB96D75A3D /* RelWithDebInfo */,
			);
			defaultConfigurationIsVisible = 0;
			defaultConfigurationName = Debug;
		};
		6891E85D06E1431281067FFE /* Build configuration list for PBXNativeTarget "gmock_main" */ = {
			isa = XCConfigurationList;
			buildConfigurations = (
				04E4101C59F042F888A087CC /* Debug */,
				FFF6553C1D794BB1A6E63C33 /* Release */,
				FF8596F9DCE54E9B93C2843F /* MinSizeRel */,
				1C551EC6C75D4E71BF4090C5 /* RelWithDebInfo */,
			);
			defaultConfigurationIsVisible = 0;
			defaultConfigurationName = Debug;
		};
		6D51F4FAF2B14DD3BDBE082E /* Build configuration list for PBXNativeTarget "gmock" */ = {
			isa = XCConfigurationList;
			buildConfigurations = (
				FB3C5A5752894BF78F91CA24 /* Debug */,
				2496986CA38B496899983F1F /* Release */,
				605BE9163FAE47BCA12F37A2 /* MinSizeRel */,
				BB1556CE722F4BE0831C649F /* RelWithDebInfo */,
			);
			defaultConfigurationIsVisible = 0;
			defaultConfigurationName = Debug;
		};
		8FD2F492E4E848C7B2789CE3 /* Build configuration list for PBXAggregateTarget "ALL_BUILD" */ = {
			isa = XCConfigurationList;
			buildConfigurations = (
				02992FE26BB7419B8AE64058 /* Debug */,
				7BA77555A9DA4E4F987CA4E4 /* Release */,
				B1E099E4C94644AC96C8787C /* MinSizeRel */,
				B618037C8C56481C9C246E26 /* RelWithDebInfo */,
			);
			defaultConfigurationIsVisible = 0;
			defaultConfigurationName = Debug;
		};
		9FEA598061924C7A84B3500A /* Build configuration list for PBXProject "gmock" */ = {
			isa = XCConfigurationList;
			buildConfigurations = (
				4409B41B0FAD434BA9AB531B /* Debug */,
				E296367608B04D838A0895A5 /* Release */,
				7AFB0DC4D45344EAB3329C65 /* MinSizeRel */,
				6F5699D68EE048FCB149E15A /* RelWithDebInfo */,
			);
			defaultConfigurationIsVisible = 0;
			defaultConfigurationName = Debug;
		};
		B2C7D9E959054E9EBDCA5B44 /* Build configuration list for PBXNativeTarget "gtest_main" */ = {
			isa = XCConfigurationList;
			buildConfigurations = (
				271073DFE99546238F8667D8 /* Debug */,
				E85CED044783442FA63D638D /* Release */,
				F0361F2832FF4C958160B4A7 /* MinSizeRel */,
				65EE271994514CF595290FEF /* RelWithDebInfo */,
			);
			defaultConfigurationIsVisible = 0;
			defaultConfigurationName = Debug;
		};
		D1DA69EC28A34798A9F036E1 /* Build configuration list for PBXNativeTarget "gtest" */ = {
			isa = XCConfigurationList;
			buildConfigurations = (
				2CA7F6B965414DDFBA53905E /* Debug */,
				A73CDC212A264294AEFF21F4 /* Release */,
				C0A4EA28A99B44509D333853 /* MinSizeRel */,
				7EBBAD831723474CA8752ABE /* RelWithDebInfo */,
			);
			defaultConfigurationIsVisible = 0;
			defaultConfigurationName = Debug;
		};
/* End XCConfigurationList section */
	};
	rootObject = ADD9230735F3496892FF8101 /* Project object */;
}
